
Microsoft Visual Studio Solution File, Format Version 12.00
# Visual Studio Version 16
VisualStudioVersion = 16.0.30225.117
MinimumVisualStudioVersion = 10.0.40219.1
Project("{FAE04EC0-301F-11D3-BF4B-00C04F79EFBC}") = "FreshDesk.Entities", "FreshDesk.Entities\FreshDesk.Entities.csproj", "{1D4DDE28-7930-4C58-8B18-830C0F13D065}"
EndProject
Project("{FAE04EC0-301F-11D3-BF4B-00C04F79EFBC}") = "FreshDesk.API", "FreshDesk.API\FreshDesk.API.csproj", "{3439026C-5748-4C5E-9FF9-C714B7C1F54D}"
EndProject
Project("{FAE04EC0-301F-11D3-BF4B-00C04F79EFBC}") = "FreshDesk.Repository", "FreshDesk.Repository\FreshDesk.Repository.csproj", "{7647F3C4-C974-4A43-907D-EC36CDE4B522}"
EndProject
Global
	GlobalSection(SolutionConfigurationPlatforms) = preSolution
		Debug|Any CPU = Debug|Any CPU
		Release|Any CPU = Release|Any CPU
	EndGlobalSection
	GlobalSection(ProjectConfigurationPlatforms) = postSolution
		{1D4DDE28-7930-4C58-8B18-830C0F13D065}.Debug|Any CPU.ActiveCfg = Debug|Any CPU
		{1D4DDE28-7930-4C58-8B18-830C0F13D065}.Debug|Any CPU.Build.0 = Debug|Any CPU
		{1D4DDE28-7930-4C58-8B18-830C0F13D065}.Release|Any CPU.ActiveCfg = Release|Any CPU
		{1D4DDE28-7930-4C58-8B18-830C0F13D065}.Release|Any CPU.Build.0 = Release|Any CPU
		{3439026C-5748-4C5E-9FF9-C714B7C1F54D}.Debug|Any CPU.ActiveCfg = Debug|Any CPU
		{3439026C-5748-4C5E-9FF9-C714B7C1F54D}.Debug|Any CPU.Build.0 = Debug|Any CPU
		{3439026C-5748-4C5E-9FF9-C714B7C1F54D}.Release|Any CPU.ActiveCfg = Release|Any CPU
		{3439026C-5748-4C5E-9FF9-C714B7C1F54D}.Release|Any CPU.Build.0 = Release|Any CPU
		{7647F3C4-C974-4A43-907D-EC36CDE4B522}.Debug|Any CPU.ActiveCfg = Debug|Any CPU
		{7647F3C4-C974-4A43-907D-EC36CDE4B522}.Debug|Any CPU.Build.0 = Debug|Any CPU
		{7647F3C4-C974-4A43-907D-EC36CDE4B522}.Release|Any CPU.ActiveCfg = Release|Any CPU
		{7647F3C4-C974-4A43-907D-EC36CDE4B522}.Release|Any CPU.Build.0 = Release|Any CPU
	EndGlobalSection
	GlobalSection(SolutionProperties) = preSolution
		HideSolutionNode = FALSE
	EndGlobalSection
	GlobalSection(ExtensibilityGlobals) = postSolution
		SolutionGuid = {3EF92573-A7D5-4A8B-A671-12CBE89E0829}
	EndGlobalSection
EndGlobal
